// !$*UTF8*$!
{
	archiveVersion = 1;
	classes = {
	};
	objectVersion = 56;
	objects = {

/* Begin PBXBuildFile section */
		ED1A6CA62AD6DE3600008622 /* PonenteDetailViewController.swift in Sources */ = {isa = PBXBuildFile; fileRef = ED1A6CA52AD6DE3600008622 /* PonenteDetailViewController.swift */; };
		ED1A6CA82AD7331E00008622 /* EmergencyPhonesViewController.swift in Sources */ = {isa = PBXBuildFile; fileRef = ED1A6CA72AD7331E00008622 /* EmergencyPhonesViewController.swift */; };
		ED1A6CAB2AD73BAD00008622 /* EmergencyPhonesTableViewCell.swift in Sources */ = {isa = PBXBuildFile; fileRef = ED1A6CA92AD73BAD00008622 /* EmergencyPhonesTableViewCell.swift */; };
		ED1A6CAC2AD73BAD00008622 /* EmergencyPhonesTableViewCell.xib in Resources */ = {isa = PBXBuildFile; fileRef = ED1A6CAA2AD73BAD00008622 /* EmergencyPhonesTableViewCell.xib */; };
		ED1A6CAF2AD7427200008622 /* TourismViewController.swift in Sources */ = {isa = PBXBuildFile; fileRef = ED1A6CAE2AD7427200008622 /* TourismViewController.swift */; };
		ED1A6CB72AD75AEC00008622 /* TourismPlacesViewController.swift in Sources */ = {isa = PBXBuildFile; fileRef = ED1A6CB62AD75AEC00008622 /* TourismPlacesViewController.swift */; };
		ED1A6CB92AD75B3A00008622 /* RestaurantsViewController.swift in Sources */ = {isa = PBXBuildFile; fileRef = ED1A6CB82AD75B3A00008622 /* RestaurantsViewController.swift */; };
		ED692E852AD495AE00CD928D /* Colors.xcassets in Resources */ = {isa = PBXBuildFile; fileRef = ED692E842AD495AE00CD928D /* Colors.xcassets */; };
		ED779C542AD6458A0078ABDB /* PonentesViewController.swift in Sources */ = {isa = PBXBuildFile; fileRef = ED779C512AD6458A0078ABDB /* PonentesViewController.swift */; };
		ED779C582AD645A90078ABDB /* FilterViewCell.swift in Sources */ = {isa = PBXBuildFile; fileRef = ED779C562AD645A80078ABDB /* FilterViewCell.swift */; };
		ED779C592AD645A90078ABDB /* Extension.swift in Sources */ = {isa = PBXBuildFile; fileRef = ED779C572AD645A90078ABDB /* Extension.swift */; };
		ED779C5C2AD6562E0078ABDB /* TableViewCell.swift in Sources */ = {isa = PBXBuildFile; fileRef = ED779C5A2AD6562E0078ABDB /* TableViewCell.swift */; };
		ED779C5D2AD6562E0078ABDB /* TableViewCell.xib in Resources */ = {isa = PBXBuildFile; fileRef = ED779C5B2AD6562E0078ABDB /* TableViewCell.xib */; };
		EDB8A2D62AD21C88002A0980 /* AppDelegate.swift in Sources */ = {isa = PBXBuildFile; fileRef = EDB8A2D52AD21C88002A0980 /* AppDelegate.swift */; };
		EDB8A2D82AD21C88002A0980 /* SceneDelegate.swift in Sources */ = {isa = PBXBuildFile; fileRef = EDB8A2D72AD21C88002A0980 /* SceneDelegate.swift */; };
		EDB8A2DD2AD21C88002A0980 /* Main.storyboard in Resources */ = {isa = PBXBuildFile; fileRef = EDB8A2DB2AD21C88002A0980 /* Main.storyboard */; };
		EDB8A2E02AD21C88002A0980 /* Caii_2023.xcdatamodeld in Sources */ = {isa = PBXBuildFile; fileRef = EDB8A2DE2AD21C88002A0980 /* Caii_2023.xcdatamodeld */; };
		EDB8A2E22AD21C89002A0980 /* Assets.xcassets in Resources */ = {isa = PBXBuildFile; fileRef = EDB8A2E12AD21C89002A0980 /* Assets.xcassets */; };
		EDB8A2E52AD21C89002A0980 /* LaunchScreen.storyboard in Resources */ = {isa = PBXBuildFile; fileRef = EDB8A2E32AD21C89002A0980 /* LaunchScreen.storyboard */; };
		EDB8A2F02AD21C89002A0980 /* Caii_2023Tests.swift in Sources */ = {isa = PBXBuildFile; fileRef = EDB8A2EF2AD21C89002A0980 /* Caii_2023Tests.swift */; };
		EDB8A2FA2AD21C89002A0980 /* Caii_2023UITests.swift in Sources */ = {isa = PBXBuildFile; fileRef = EDB8A2F92AD21C89002A0980 /* Caii_2023UITests.swift */; };
		EDB8A2FC2AD21C89002A0980 /* Caii_2023UITestsLaunchTests.swift in Sources */ = {isa = PBXBuildFile; fileRef = EDB8A2FB2AD21C89002A0980 /* Caii_2023UITestsLaunchTests.swift */; };
		EDB8A30B2AD21D7E002A0980 /* Franie-Bold.ttf in Resources */ = {isa = PBXBuildFile; fileRef = EDB8A3092AD21D7E002A0980 /* Franie-Bold.ttf */; };
		EDB8A30C2AD21D7E002A0980 /* Franie-Regular.ttf in Resources */ = {isa = PBXBuildFile; fileRef = EDB8A30A2AD21D7E002A0980 /* Franie-Regular.ttf */; };
		EDB8A30E2AD21F81002A0980 /* HomeViewController.swift in Sources */ = {isa = PBXBuildFile; fileRef = EDB8A30D2AD21F81002A0980 /* HomeViewController.swift */; };
		EDB8A3122AD224FD002A0980 /* Login.storyboard in Resources */ = {isa = PBXBuildFile; fileRef = EDB8A3112AD224FD002A0980 /* Login.storyboard */; };
		EDB8A3142AD22556002A0980 /* LoginViewController.swift in Sources */ = {isa = PBXBuildFile; fileRef = EDB8A3132AD22556002A0980 /* LoginViewController.swift */; };
		EDB982562AD5B9570061D298 /* icons.xcassets in Resources */ = {isa = PBXBuildFile; fileRef = EDB982552AD5B9570061D298 /* icons.xcassets */; };
		EDD5A1D12AD284C6008BA59F /* DataModel.swift in Sources */ = {isa = PBXBuildFile; fileRef = EDD5A1D02AD284C6008BA59F /* DataModel.swift */; };
		EDD5A1D32AD28532008BA59F /* Data.swift in Sources */ = {isa = PBXBuildFile; fileRef = EDD5A1D22AD28532008BA59F /* Data.swift */; };
/* End PBXBuildFile section */

/* Begin PBXContainerItemProxy section */
		EDB8A2EC2AD21C89002A0980 /* PBXContainerItemProxy */ = {
			isa = PBXContainerItemProxy;
			containerPortal = EDB8A2CA2AD21C88002A0980 /* Project object */;
			proxyType = 1;
			remoteGlobalIDString = EDB8A2D12AD21C88002A0980;
			remoteInfo = "Caii-2023";
		};
		EDB8A2F62AD21C89002A0980 /* PBXContainerItemProxy */ = {
			isa = PBXContainerItemProxy;
			containerPortal = EDB8A2CA2AD21C88002A0980 /* Project object */;
			proxyType = 1;
			remoteGlobalIDString = EDB8A2D12AD21C88002A0980;
			remoteInfo = "Caii-2023";
		};
/* End PBXContainerItemProxy section */

/* Begin PBXFileReference section */
		ED1A6CA52AD6DE3600008622 /* PonenteDetailViewController.swift */ = {isa = PBXFileReference; lastKnownFileType = sourcecode.swift; path = PonenteDetailViewController.swift; sourceTree = "<group>"; };
		ED1A6CA72AD7331E00008622 /* EmergencyPhonesViewController.swift */ = {isa = PBXFileReference; lastKnownFileType = sourcecode.swift; path = EmergencyPhonesViewController.swift; sourceTree = "<group>"; };
		ED1A6CA92AD73BAD00008622 /* EmergencyPhonesTableViewCell.swift */ = {isa = PBXFileReference; lastKnownFileType = sourcecode.swift; path = EmergencyPhonesTableViewCell.swift; sourceTree = "<group>"; };
		ED1A6CAA2AD73BAD00008622 /* EmergencyPhonesTableViewCell.xib */ = {isa = PBXFileReference; lastKnownFileType = file.xib; path = EmergencyPhonesTableViewCell.xib; sourceTree = "<group>"; };
		ED1A6CAE2AD7427200008622 /* TourismViewController.swift */ = {isa = PBXFileReference; lastKnownFileType = sourcecode.swift; path = TourismViewController.swift; sourceTree = "<group>"; };
		ED1A6CB62AD75AEC00008622 /* TourismPlacesViewController.swift */ = {isa = PBXFileReference; lastKnownFileType = sourcecode.swift; path = TourismPlacesViewController.swift; sourceTree = "<group>"; };
		ED1A6CB82AD75B3A00008622 /* RestaurantsViewController.swift */ = {isa = PBXFileReference; lastKnownFileType = sourcecode.swift; path = RestaurantsViewController.swift; sourceTree = "<group>"; };
		ED692E842AD495AE00CD928D /* Colors.xcassets */ = {isa = PBXFileReference; lastKnownFileType = folder.assetcatalog; path = Colors.xcassets; sourceTree = "<group>"; };
		ED779C512AD6458A0078ABDB /* PonentesViewController.swift */ = {isa = PBXFileReference; fileEncoding = 4; lastKnownFileType = sourcecode.swift; path = PonentesViewController.swift; sourceTree = "<group>"; };
		ED779C562AD645A80078ABDB /* FilterViewCell.swift */ = {isa = PBXFileReference; fileEncoding = 4; lastKnownFileType = sourcecode.swift; path = FilterViewCell.swift; sourceTree = "<group>"; };
		ED779C572AD645A90078ABDB /* Extension.swift */ = {isa = PBXFileReference; fileEncoding = 4; lastKnownFileType = sourcecode.swift; path = Extension.swift; sourceTree = "<group>"; };
		ED779C5A2AD6562E0078ABDB /* TableViewCell.swift */ = {isa = PBXFileReference; lastKnownFileType = sourcecode.swift; path = TableViewCell.swift; sourceTree = "<group>"; };
		ED779C5B2AD6562E0078ABDB /* TableViewCell.xib */ = {isa = PBXFileReference; lastKnownFileType = file.xib; path = TableViewCell.xib; sourceTree = "<group>"; };
		EDB8A2D22AD21C88002A0980 /* Caii-2023.app */ = {isa = PBXFileReference; explicitFileType = wrapper.application; includeInIndex = 0; path = "Caii-2023.app"; sourceTree = BUILT_PRODUCTS_DIR; };
		EDB8A2D52AD21C88002A0980 /* AppDelegate.swift */ = {isa = PBXFileReference; lastKnownFileType = sourcecode.swift; path = AppDelegate.swift; sourceTree = "<group>"; };
		EDB8A2D72AD21C88002A0980 /* SceneDelegate.swift */ = {isa = PBXFileReference; lastKnownFileType = sourcecode.swift; path = SceneDelegate.swift; sourceTree = "<group>"; };
		EDB8A2DC2AD21C88002A0980 /* Base */ = {isa = PBXFileReference; lastKnownFileType = file.storyboard; name = Base; path = Base.lproj/Main.storyboard; sourceTree = "<group>"; };
		EDB8A2DF2AD21C88002A0980 /* Caii_2023.xcdatamodel */ = {isa = PBXFileReference; lastKnownFileType = wrapper.xcdatamodel; path = Caii_2023.xcdatamodel; sourceTree = "<group>"; };
		EDB8A2E12AD21C89002A0980 /* Assets.xcassets */ = {isa = PBXFileReference; lastKnownFileType = folder.assetcatalog; path = Assets.xcassets; sourceTree = "<group>"; };
		EDB8A2E42AD21C89002A0980 /* Base */ = {isa = PBXFileReference; lastKnownFileType = file.storyboard; name = Base; path = Base.lproj/LaunchScreen.storyboard; sourceTree = "<group>"; };
		EDB8A2E62AD21C89002A0980 /* Info.plist */ = {isa = PBXFileReference; lastKnownFileType = text.plist.xml; path = Info.plist; sourceTree = "<group>"; };
		EDB8A2EB2AD21C89002A0980 /* Caii-2023Tests.xctest */ = {isa = PBXFileReference; explicitFileType = wrapper.cfbundle; includeInIndex = 0; path = "Caii-2023Tests.xctest"; sourceTree = BUILT_PRODUCTS_DIR; };
		EDB8A2EF2AD21C89002A0980 /* Caii_2023Tests.swift */ = {isa = PBXFileReference; lastKnownFileType = sourcecode.swift; path = Caii_2023Tests.swift; sourceTree = "<group>"; };
		EDB8A2F52AD21C89002A0980 /* Caii-2023UITests.xctest */ = {isa = PBXFileReference; explicitFileType = wrapper.cfbundle; includeInIndex = 0; path = "Caii-2023UITests.xctest"; sourceTree = BUILT_PRODUCTS_DIR; };
		EDB8A2F92AD21C89002A0980 /* Caii_2023UITests.swift */ = {isa = PBXFileReference; lastKnownFileType = sourcecode.swift; path = Caii_2023UITests.swift; sourceTree = "<group>"; };
		EDB8A2FB2AD21C89002A0980 /* Caii_2023UITestsLaunchTests.swift */ = {isa = PBXFileReference; lastKnownFileType = sourcecode.swift; path = Caii_2023UITestsLaunchTests.swift; sourceTree = "<group>"; };
		EDB8A3092AD21D7E002A0980 /* Franie-Bold.ttf */ = {isa = PBXFileReference; lastKnownFileType = file; path = "Franie-Bold.ttf"; sourceTree = "<group>"; };
		EDB8A30A2AD21D7E002A0980 /* Franie-Regular.ttf */ = {isa = PBXFileReference; lastKnownFileType = file; path = "Franie-Regular.ttf"; sourceTree = "<group>"; };
		EDB8A30D2AD21F81002A0980 /* HomeViewController.swift */ = {isa = PBXFileReference; lastKnownFileType = sourcecode.swift; path = HomeViewController.swift; sourceTree = "<group>"; };
		EDB8A3112AD224FD002A0980 /* Login.storyboard */ = {isa = PBXFileReference; lastKnownFileType = file.storyboard; path = Login.storyboard; sourceTree = "<group>"; };
		EDB8A3132AD22556002A0980 /* LoginViewController.swift */ = {isa = PBXFileReference; lastKnownFileType = sourcecode.swift; path = LoginViewController.swift; sourceTree = "<group>"; };
		EDB982552AD5B9570061D298 /* icons.xcassets */ = {isa = PBXFileReference; lastKnownFileType = folder.assetcatalog; path = icons.xcassets; sourceTree = "<group>"; };
		EDD5A1D02AD284C6008BA59F /* DataModel.swift */ = {isa = PBXFileReference; lastKnownFileType = sourcecode.swift; path = DataModel.swift; sourceTree = "<group>"; };
		EDD5A1D22AD28532008BA59F /* Data.swift */ = {isa = PBXFileReference; lastKnownFileType = sourcecode.swift; path = Data.swift; sourceTree = "<group>"; };
/* End PBXFileReference section */

/* Begin PBXFrameworksBuildPhase section */
		EDB8A2CF2AD21C88002A0980 /* Frameworks */ = {
			isa = PBXFrameworksBuildPhase;
			buildActionMask = 2147483647;
			files = (
			);
			runOnlyForDeploymentPostprocessing = 0;
		};
		EDB8A2E82AD21C89002A0980 /* Frameworks */ = {
			isa = PBXFrameworksBuildPhase;
			buildActionMask = 2147483647;
			files = (
			);
			runOnlyForDeploymentPostprocessing = 0;
		};
		EDB8A2F22AD21C89002A0980 /* Frameworks */ = {
			isa = PBXFrameworksBuildPhase;
			buildActionMask = 2147483647;
			files = (
			);
			runOnlyForDeploymentPostprocessing = 0;
		};
/* End PBXFrameworksBuildPhase section */

/* Begin PBXGroup section */
		ED1A6CAD2AD7408400008622 /* EmergencyPhones */ = {
			isa = PBXGroup;
			children = (
				ED1A6CA72AD7331E00008622 /* EmergencyPhonesViewController.swift */,
				ED1A6CA92AD73BAD00008622 /* EmergencyPhonesTableViewCell.swift */,
				ED1A6CAA2AD73BAD00008622 /* EmergencyPhonesTableViewCell.xib */,
			);
			path = EmergencyPhones;
			sourceTree = "<group>";
		};
		ED1A6CB02AD7544400008622 /* Reusable */ = {
			isa = PBXGroup;
			children = (
				ED779C562AD645A80078ABDB /* FilterViewCell.swift */,
				ED779C5A2AD6562E0078ABDB /* TableViewCell.swift */,
				ED779C5B2AD6562E0078ABDB /* TableViewCell.xib */,
			);
			path = Reusable;
			sourceTree = "<group>";
		};
		ED1A6CB12AD754D500008622 /* Ponentes */ = {
			isa = PBXGroup;
			children = (
				ED779C512AD6458A0078ABDB /* PonentesViewController.swift */,
				ED1A6CA52AD6DE3600008622 /* PonenteDetailViewController.swift */,
			);
			path = Ponentes;
			sourceTree = "<group>";
		};
		ED1A6CB22AD755EC00008622 /* Tourism */ = {
			isa = PBXGroup;
			children = (
				ED1A6CAE2AD7427200008622 /* TourismViewController.swift */,
				ED1A6CB62AD75AEC00008622 /* TourismPlacesViewController.swift */,
				ED1A6CB82AD75B3A00008622 /* RestaurantsViewController.swift */,
			);
			path = Tourism;
			sourceTree = "<group>";
		};
		ED1A6CB32AD755FD00008622 /* Sede */ = {
			isa = PBXGroup;
			children = (
			);
			path = Sede;
			sourceTree = "<group>";
		};
		ED1A6CB42AD7562900008622 /* Schedule */ = {
			isa = PBXGroup;
			children = (
			);
			path = Schedule;
			sourceTree = "<group>";
		};
		ED1A6CB52AD7568800008622 /* Login */ = {
			isa = PBXGroup;
			children = (
				EDB8A3132AD22556002A0980 /* LoginViewController.swift */,
				EDB8A3112AD224FD002A0980 /* Login.storyboard */,
			);
			path = Login;
			sourceTree = "<group>";
		};
		ED692E832AD494D800CD928D /* Resources */ = {
			isa = PBXGroup;
			children = (
				EDB8A2E12AD21C89002A0980 /* Assets.xcassets */,
				ED692E842AD495AE00CD928D /* Colors.xcassets */,
				EDB982552AD5B9570061D298 /* icons.xcassets */,
			);
			path = Resources;
			sourceTree = "<group>";
		};
		EDB8A2C92AD21C88002A0980 = {
			isa = PBXGroup;
			children = (
				EDB8A2D42AD21C88002A0980 /* Caii-2023 */,
				EDB8A2EE2AD21C89002A0980 /* Caii-2023Tests */,
				EDB8A2F82AD21C89002A0980 /* Caii-2023UITests */,
				EDB8A2D32AD21C88002A0980 /* Products */,
			);
			sourceTree = "<group>";
		};
		EDB8A2D32AD21C88002A0980 /* Products */ = {
			isa = PBXGroup;
			children = (
				EDB8A2D22AD21C88002A0980 /* Caii-2023.app */,
				EDB8A2EB2AD21C89002A0980 /* Caii-2023Tests.xctest */,
				EDB8A2F52AD21C89002A0980 /* Caii-2023UITests.xctest */,
			);
			name = Products;
			sourceTree = "<group>";
		};
		EDB8A2D42AD21C88002A0980 /* Caii-2023 */ = {
			isa = PBXGroup;
			children = (
				EDD5A1CF2AD2848F008BA59F /* Model */,
				EDB8A3082AD21D67002A0980 /* Fonts */,
				EDB8A2D52AD21C88002A0980 /* AppDelegate.swift */,
				EDB8A2D72AD21C88002A0980 /* SceneDelegate.swift */,
				ED1A6CB52AD7568800008622 /* Login */,
				EDB8A30D2AD21F81002A0980 /* HomeViewController.swift */,
				EDB8A2DB2AD21C88002A0980 /* Main.storyboard */,
				ED1A6CB12AD754D500008622 /* Ponentes */,
				ED1A6CB42AD7562900008622 /* Schedule */,
				ED1A6CB32AD755FD00008622 /* Sede */,
				ED1A6CB22AD755EC00008622 /* Tourism */,
				ED1A6CAD2AD7408400008622 /* EmergencyPhones */,
				ED1A6CB02AD7544400008622 /* Reusable */,
				ED779C572AD645A90078ABDB /* Extension.swift */,
				EDB8A2E32AD21C89002A0980 /* LaunchScreen.storyboard */,
				ED692E832AD494D800CD928D /* Resources */,
				EDB8A2E62AD21C89002A0980 /* Info.plist */,
				EDB8A2DE2AD21C88002A0980 /* Caii_2023.xcdatamodeld */,
			);
			path = "Caii-2023";
			sourceTree = "<group>";
		};
		EDB8A2EE2AD21C89002A0980 /* Caii-2023Tests */ = {
			isa = PBXGroup;
			children = (
				EDB8A2EF2AD21C89002A0980 /* Caii_2023Tests.swift */,
			);
			path = "Caii-2023Tests";
			sourceTree = "<group>";
		};
		EDB8A2F82AD21C89002A0980 /* Caii-2023UITests */ = {
			isa = PBXGroup;
			children = (
				EDB8A2F92AD21C89002A0980 /* Caii_2023UITests.swift */,
				EDB8A2FB2AD21C89002A0980 /* Caii_2023UITestsLaunchTests.swift */,
			);
			path = "Caii-2023UITests";
			sourceTree = "<group>";
		};
		EDB8A3082AD21D67002A0980 /* Fonts */ = {
			isa = PBXGroup;
			children = (
				EDB8A3092AD21D7E002A0980 /* Franie-Bold.ttf */,
				EDB8A30A2AD21D7E002A0980 /* Franie-Regular.ttf */,
			);
			path = Fonts;
			sourceTree = "<group>";
		};
		EDD5A1CF2AD2848F008BA59F /* Model */ = {
			isa = PBXGroup;
			children = (
				EDD5A1D02AD284C6008BA59F /* DataModel.swift */,
				EDD5A1D22AD28532008BA59F /* Data.swift */,
			);
			path = Model;
			sourceTree = "<group>";
		};
/* End PBXGroup section */

/* Begin PBXNativeTarget section */
		EDB8A2D12AD21C88002A0980 /* Caii-2023 */ = {
			isa = PBXNativeTarget;
			buildConfigurationList = EDB8A2FF2AD21C89002A0980 /* Build configuration list for PBXNativeTarget "Caii-2023" */;
			buildPhases = (
				EDB8A2CE2AD21C88002A0980 /* Sources */,
				EDB8A2CF2AD21C88002A0980 /* Frameworks */,
				EDB8A2D02AD21C88002A0980 /* Resources */,
			);
			buildRules = (
			);
			dependencies = (
			);
			name = "Caii-2023";
			productName = "Caii-2023";
			productReference = EDB8A2D22AD21C88002A0980 /* Caii-2023.app */;
			productType = "com.apple.product-type.application";
		};
		EDB8A2EA2AD21C89002A0980 /* Caii-2023Tests */ = {
			isa = PBXNativeTarget;
			buildConfigurationList = EDB8A3022AD21C89002A0980 /* Build configuration list for PBXNativeTarget "Caii-2023Tests" */;
			buildPhases = (
				EDB8A2E72AD21C89002A0980 /* Sources */,
				EDB8A2E82AD21C89002A0980 /* Frameworks */,
				EDB8A2E92AD21C89002A0980 /* Resources */,
			);
			buildRules = (
			);
			dependencies = (
				EDB8A2ED2AD21C89002A0980 /* PBXTargetDependency */,
			);
			name = "Caii-2023Tests";
			productName = "Caii-2023Tests";
			productReference = EDB8A2EB2AD21C89002A0980 /* Caii-2023Tests.xctest */;
			productType = "com.apple.product-type.bundle.unit-test";
		};
		EDB8A2F42AD21C89002A0980 /* Caii-2023UITests */ = {
			isa = PBXNativeTarget;
			buildConfigurationList = EDB8A3052AD21C89002A0980 /* Build configuration list for PBXNativeTarget "Caii-2023UITests" */;
			buildPhases = (
				EDB8A2F12AD21C89002A0980 /* Sources */,
				EDB8A2F22AD21C89002A0980 /* Frameworks */,
				EDB8A2F32AD21C89002A0980 /* Resources */,
			);
			buildRules = (
			);
			dependencies = (
				EDB8A2F72AD21C89002A0980 /* PBXTargetDependency */,
			);
			name = "Caii-2023UITests";
			productName = "Caii-2023UITests";
			productReference = EDB8A2F52AD21C89002A0980 /* Caii-2023UITests.xctest */;
			productType = "com.apple.product-type.bundle.ui-testing";
		};
/* End PBXNativeTarget section */

/* Begin PBXProject section */
		EDB8A2CA2AD21C88002A0980 /* Project object */ = {
			isa = PBXProject;
			attributes = {
				BuildIndependentTargetsInParallel = 1;
				LastSwiftUpdateCheck = 1500;
				LastUpgradeCheck = 1500;
				TargetAttributes = {
					EDB8A2D12AD21C88002A0980 = {
						CreatedOnToolsVersion = 15.0;
					};
					EDB8A2EA2AD21C89002A0980 = {
						CreatedOnToolsVersion = 15.0;
						TestTargetID = EDB8A2D12AD21C88002A0980;
					};
					EDB8A2F42AD21C89002A0980 = {
						CreatedOnToolsVersion = 15.0;
						TestTargetID = EDB8A2D12AD21C88002A0980;
					};
				};
			};
			buildConfigurationList = EDB8A2CD2AD21C88002A0980 /* Build configuration list for PBXProject "Caii-2023" */;
			compatibilityVersion = "Xcode 14.0";
			developmentRegion = en;
			hasScannedForEncodings = 0;
			knownRegions = (
				en,
				Base,
			);
			mainGroup = EDB8A2C92AD21C88002A0980;
			productRefGroup = EDB8A2D32AD21C88002A0980 /* Products */;
			projectDirPath = "";
			projectRoot = "";
			targets = (
				EDB8A2D12AD21C88002A0980 /* Caii-2023 */,
				EDB8A2EA2AD21C89002A0980 /* Caii-2023Tests */,
				EDB8A2F42AD21C89002A0980 /* Caii-2023UITests */,
			);
		};
/* End PBXProject section */

/* Begin PBXResourcesBuildPhase section */
		EDB8A2D02AD21C88002A0980 /* Resources */ = {
			isa = PBXResourcesBuildPhase;
			buildActionMask = 2147483647;
			files = (
				EDB8A2E52AD21C89002A0980 /* LaunchScreen.storyboard in Resources */,
				EDB8A30C2AD21D7E002A0980 /* Franie-Regular.ttf in Resources */,
				EDB8A3122AD224FD002A0980 /* Login.storyboard in Resources */,
				EDB8A2E22AD21C89002A0980 /* Assets.xcassets in Resources */,
				ED779C5D2AD6562E0078ABDB /* TableViewCell.xib in Resources */,
				EDB8A30B2AD21D7E002A0980 /* Franie-Bold.ttf in Resources */,
				EDB8A2DD2AD21C88002A0980 /* Main.storyboard in Resources */,
				EDB982562AD5B9570061D298 /* icons.xcassets in Resources */,
				ED1A6CAC2AD73BAD00008622 /* EmergencyPhonesTableViewCell.xib in Resources */,
				ED692E852AD495AE00CD928D /* Colors.xcassets in Resources */,
			);
			runOnlyForDeploymentPostprocessing = 0;
		};
		EDB8A2E92AD21C89002A0980 /* Resources */ = {
			isa = PBXResourcesBuildPhase;
			buildActionMask = 2147483647;
			files = (
			);
			runOnlyForDeploymentPostprocessing = 0;
		};
		EDB8A2F32AD21C89002A0980 /* Resources */ = {
			isa = PBXResourcesBuildPhase;
			buildActionMask = 2147483647;
			files = (
			);
			runOnlyForDeploymentPostprocessing = 0;
		};
/* End PBXResourcesBuildPhase section */

/* Begin PBXSourcesBuildPhase section */
		EDB8A2CE2AD21C88002A0980 /* Sources */ = {
			isa = PBXSourcesBuildPhase;
			buildActionMask = 2147483647;
			files = (
				EDD5A1D12AD284C6008BA59F /* DataModel.swift in Sources */,
				ED1A6CA82AD7331E00008622 /* EmergencyPhonesViewController.swift in Sources */,
				ED1A6CB72AD75AEC00008622 /* TourismPlacesViewController.swift in Sources */,
				EDB8A3142AD22556002A0980 /* LoginViewController.swift in Sources */,
				EDB8A30E2AD21F81002A0980 /* HomeViewController.swift in Sources */,
				ED1A6CA62AD6DE3600008622 /* PonenteDetailViewController.swift in Sources */,
				ED779C592AD645A90078ABDB /* Extension.swift in Sources */,
				ED779C542AD6458A0078ABDB /* PonentesViewController.swift in Sources */,
				ED1A6CAF2AD7427200008622 /* TourismViewController.swift in Sources */,
				EDB8A2D62AD21C88002A0980 /* AppDelegate.swift in Sources */,
				ED1A6CB92AD75B3A00008622 /* RestaurantsViewController.swift in Sources */,
				ED1A6CAB2AD73BAD00008622 /* EmergencyPhonesTableViewCell.swift in Sources */,
				EDB8A2E02AD21C88002A0980 /* Caii_2023.xcdatamodeld in Sources */,
				EDB8A2D82AD21C88002A0980 /* SceneDelegate.swift in Sources */,
				ED779C5C2AD6562E0078ABDB /* TableViewCell.swift in Sources */,
				EDD5A1D32AD28532008BA59F /* Data.swift in Sources */,
				ED779C582AD645A90078ABDB /* FilterViewCell.swift in Sources */,
			);
			runOnlyForDeploymentPostprocessing = 0;
		};
		EDB8A2E72AD21C89002A0980 /* Sources */ = {
			isa = PBXSourcesBuildPhase;
			buildActionMask = 2147483647;
			files = (
				EDB8A2F02AD21C89002A0980 /* Caii_2023Tests.swift in Sources */,
			);
			runOnlyForDeploymentPostprocessing = 0;
		};
		EDB8A2F12AD21C89002A0980 /* Sources */ = {
			isa = PBXSourcesBuildPhase;
			buildActionMask = 2147483647;
			files = (
				EDB8A2FA2AD21C89002A0980 /* Caii_2023UITests.swift in Sources */,
				EDB8A2FC2AD21C89002A0980 /* Caii_2023UITestsLaunchTests.swift in Sources */,
			);
			runOnlyForDeploymentPostprocessing = 0;
		};
/* End PBXSourcesBuildPhase section */

/* Begin PBXTargetDependency section */
		EDB8A2ED2AD21C89002A0980 /* PBXTargetDependency */ = {
			isa = PBXTargetDependency;
			target = EDB8A2D12AD21C88002A0980 /* Caii-2023 */;
			targetProxy = EDB8A2EC2AD21C89002A0980 /* PBXContainerItemProxy */;
		};
		EDB8A2F72AD21C89002A0980 /* PBXTargetDependency */ = {
			isa = PBXTargetDependency;
			target = EDB8A2D12AD21C88002A0980 /* Caii-2023 */;
			targetProxy = EDB8A2F62AD21C89002A0980 /* PBXContainerItemProxy */;
		};
/* End PBXTargetDependency section */

/* Begin PBXVariantGroup section */
		EDB8A2DB2AD21C88002A0980 /* Main.storyboard */ = {
			isa = PBXVariantGroup;
			children = (
				EDB8A2DC2AD21C88002A0980 /* Base */,
			);
			name = Main.storyboard;
			sourceTree = "<group>";
		};
		EDB8A2E32AD21C89002A0980 /* LaunchScreen.storyboard */ = {
			isa = PBXVariantGroup;
			children = (
				EDB8A2E42AD21C89002A0980 /* Base */,
			);
			name = LaunchScreen.storyboard;
			sourceTree = "<group>";
		};
/* End PBXVariantGroup section */

/* Begin XCBuildConfiguration section */
		EDB8A2FD2AD21C89002A0980 /* Debug */ = {
			isa = XCBuildConfiguration;
			buildSettings = {
				ALWAYS_SEARCH_USER_PATHS = NO;
				ASSETCATALOG_COMPILER_GENERATE_SWIFT_ASSET_SYMBOL_EXTENSIONS = YES;
				CLANG_ANALYZER_NONNULL = YES;
				CLANG_ANALYZER_NUMBER_OBJECT_CONVERSION = YES_AGGRESSIVE;
				CLANG_CXX_LANGUAGE_STANDARD = "gnu++20";
				CLANG_ENABLE_MODULES = YES;
				CLANG_ENABLE_OBJC_ARC = YES;
				CLANG_ENABLE_OBJC_WEAK = YES;
				CLANG_WARN_BLOCK_CAPTURE_AUTORELEASING = YES;
				CLANG_WARN_BOOL_CONVERSION = YES;
				CLANG_WARN_COMMA = YES;
				CLANG_WARN_CONSTANT_CONVERSION = YES;
				CLANG_WARN_DEPRECATED_OBJC_IMPLEMENTATIONS = YES;
				CLANG_WARN_DIRECT_OBJC_ISA_USAGE = YES_ERROR;
				CLANG_WARN_DOCUMENTATION_COMMENTS = YES;
				CLANG_WARN_EMPTY_BODY = YES;
				CLANG_WARN_ENUM_CONVERSION = YES;
				CLANG_WARN_INFINITE_RECURSION = YES;
				CLANG_WARN_INT_CONVERSION = YES;
				CLANG_WARN_NON_LITERAL_NULL_CONVERSION = YES;
				CLANG_WARN_OBJC_IMPLICIT_RETAIN_SELF = YES;
				CLANG_WARN_OBJC_LITERAL_CONVERSION = YES;
				CLANG_WARN_OBJC_ROOT_CLASS = YES_ERROR;
				CLANG_WARN_QUOTED_INCLUDE_IN_FRAMEWORK_HEADER = YES;
				CLANG_WARN_RANGE_LOOP_ANALYSIS = YES;
				CLANG_WARN_STRICT_PROTOTYPES = YES;
				CLANG_WARN_SUSPICIOUS_MOVE = YES;
				CLANG_WARN_UNGUARDED_AVAILABILITY = YES_AGGRESSIVE;
				CLANG_WARN_UNREACHABLE_CODE = YES;
				CLANG_WARN__DUPLICATE_METHOD_MATCH = YES;
				COPY_PHASE_STRIP = NO;
				DEBUG_INFORMATION_FORMAT = dwarf;
				ENABLE_STRICT_OBJC_MSGSEND = YES;
				ENABLE_TESTABILITY = YES;
				ENABLE_USER_SCRIPT_SANDBOXING = YES;
				GCC_C_LANGUAGE_STANDARD = gnu17;
				GCC_DYNAMIC_NO_PIC = NO;
				GCC_NO_COMMON_BLOCKS = YES;
				GCC_OPTIMIZATION_LEVEL = 0;
				GCC_PREPROCESSOR_DEFINITIONS = (
					"DEBUG=1",
					"$(inherited)",
				);
				GCC_WARN_64_TO_32_BIT_CONVERSION = YES;
				GCC_WARN_ABOUT_RETURN_TYPE = YES_ERROR;
				GCC_WARN_UNDECLARED_SELECTOR = YES;
				GCC_WARN_UNINITIALIZED_AUTOS = YES_AGGRESSIVE;
				GCC_WARN_UNUSED_FUNCTION = YES;
				GCC_WARN_UNUSED_VARIABLE = YES;
				IPHONEOS_DEPLOYMENT_TARGET = 17.0;
				LOCALIZATION_PREFERS_STRING_CATALOGS = YES;
				MTL_ENABLE_DEBUG_INFO = INCLUDE_SOURCE;
				MTL_FAST_MATH = YES;
				ONLY_ACTIVE_ARCH = YES;
				SDKROOT = iphoneos;
				SWIFT_ACTIVE_COMPILATION_CONDITIONS = "DEBUG $(inherited)";
				SWIFT_OPTIMIZATION_LEVEL = "-Onone";
			};
			name = Debug;
		};
		EDB8A2FE2AD21C89002A0980 /* Release */ = {
			isa = XCBuildConfiguration;
			buildSettings = {
				ALWAYS_SEARCH_USER_PATHS = NO;
				ASSETCATALOG_COMPILER_GENERATE_SWIFT_ASSET_SYMBOL_EXTENSIONS = YES;
				CLANG_ANALYZER_NONNULL = YES;
				CLANG_ANALYZER_NUMBER_OBJECT_CONVERSION = YES_AGGRESSIVE;
				CLANG_CXX_LANGUAGE_STANDARD = "gnu++20";
				CLANG_ENABLE_MODULES = YES;
				CLANG_ENABLE_OBJC_ARC = YES;
				CLANG_ENABLE_OBJC_WEAK = YES;
				CLANG_WARN_BLOCK_CAPTURE_AUTORELEASING = YES;
				CLANG_WARN_BOOL_CONVERSION = YES;
				CLANG_WARN_COMMA = YES;
				CLANG_WARN_CONSTANT_CONVERSION = YES;
				CLANG_WARN_DEPRECATED_OBJC_IMPLEMENTATIONS = YES;
				CLANG_WARN_DIRECT_OBJC_ISA_USAGE = YES_ERROR;
				CLANG_WARN_DOCUMENTATION_COMMENTS = YES;
				CLANG_WARN_EMPTY_BODY = YES;
				CLANG_WARN_ENUM_CONVERSION = YES;
				CLANG_WARN_INFINITE_RECURSION = YES;
				CLANG_WARN_INT_CONVERSION = YES;
				CLANG_WARN_NON_LITERAL_NULL_CONVERSION = YES;
				CLANG_WARN_OBJC_IMPLICIT_RETAIN_SELF = YES;
				CLANG_WARN_OBJC_LITERAL_CONVERSION = YES;
				CLANG_WARN_OBJC_ROOT_CLASS = YES_ERROR;
				CLANG_WARN_QUOTED_INCLUDE_IN_FRAMEWORK_HEADER = YES;
				CLANG_WARN_RANGE_LOOP_ANALYSIS = YES;
				CLANG_WARN_STRICT_PROTOTYPES = YES;
				CLANG_WARN_SUSPICIOUS_MOVE = YES;
				CLANG_WARN_UNGUARDED_AVAILABILITY = YES_AGGRESSIVE;
				CLANG_WARN_UNREACHABLE_CODE = YES;
				CLANG_WARN__DUPLICATE_METHOD_MATCH = YES;
				COPY_PHASE_STRIP = NO;
				DEBUG_INFORMATION_FORMAT = "dwarf-with-dsym";
				ENABLE_NS_ASSERTIONS = NO;
				ENABLE_STRICT_OBJC_MSGSEND = YES;
				ENABLE_USER_SCRIPT_SANDBOXING = YES;
				GCC_C_LANGUAGE_STANDARD = gnu17;
				GCC_NO_COMMON_BLOCKS = YES;
				GCC_WARN_64_TO_32_BIT_CONVERSION = YES;
				GCC_WARN_ABOUT_RETURN_TYPE = YES_ERROR;
				GCC_WARN_UNDECLARED_SELECTOR = YES;
				GCC_WARN_UNINITIALIZED_AUTOS = YES_AGGRESSIVE;
				GCC_WARN_UNUSED_FUNCTION = YES;
				GCC_WARN_UNUSED_VARIABLE = YES;
				IPHONEOS_DEPLOYMENT_TARGET = 17.0;
				LOCALIZATION_PREFERS_STRING_CATALOGS = YES;
				MTL_ENABLE_DEBUG_INFO = NO;
				MTL_FAST_MATH = YES;
				SDKROOT = iphoneos;
				SWIFT_COMPILATION_MODE = wholemodule;
				VALIDATE_PRODUCT = YES;
			};
			name = Release;
		};
		EDB8A3002AD21C89002A0980 /* Debug */ = {
			isa = XCBuildConfiguration;
			buildSettings = {
				ASSETCATALOG_COMPILER_APPICON_NAME = AppIcon;
				ASSETCATALOG_COMPILER_GLOBAL_ACCENT_COLOR_NAME = AccentColor;
				CODE_SIGN_STYLE = Automatic;
				CURRENT_PROJECT_VERSION = 1;
				DEVELOPMENT_TEAM = DCASC2V65A;
				GENERATE_INFOPLIST_FILE = YES;
				INFOPLIST_FILE = "Caii-2023/Info.plist";
				INFOPLIST_KEY_CFBundleDisplayName = "CAII 2023";
				INFOPLIST_KEY_UIApplicationSupportsIndirectInputEvents = YES;
				INFOPLIST_KEY_UILaunchStoryboardName = LaunchScreen;
				INFOPLIST_KEY_UIMainStoryboardFile = Main;
				INFOPLIST_KEY_UISupportedInterfaceOrientations_iPad = "UIInterfaceOrientationPortrait UIInterfaceOrientationPortraitUpsideDown UIInterfaceOrientationLandscapeLeft UIInterfaceOrientationLandscapeRight";
				INFOPLIST_KEY_UISupportedInterfaceOrientations_iPhone = "UIInterfaceOrientationPortrait UIInterfaceOrientationLandscapeLeft UIInterfaceOrientationLandscapeRight";
				IPHONEOS_DEPLOYMENT_TARGET = 15.0;
				LD_RUNPATH_SEARCH_PATHS = (
					"$(inherited)",
					"@executable_path/Frameworks",
				);
				MARKETING_VERSION = 1.0;
				PRODUCT_BUNDLE_IDENTIFIER = "pe.gob.contraloria.Caii-2023";
				PRODUCT_NAME = "$(TARGET_NAME)";
				SWIFT_EMIT_LOC_STRINGS = YES;
				SWIFT_VERSION = 5.0;
				TARGETED_DEVICE_FAMILY = "1,2";
			};
			name = Debug;
		};
		EDB8A3012AD21C89002A0980 /* Release */ = {
			isa = XCBuildConfiguration;
			buildSettings = {
				ASSETCATALOG_COMPILER_APPICON_NAME = AppIcon;
				ASSETCATALOG_COMPILER_GLOBAL_ACCENT_COLOR_NAME = AccentColor;
				CODE_SIGN_STYLE = Automatic;
				CURRENT_PROJECT_VERSION = 1;
				DEVELOPMENT_TEAM = DCASC2V65A;
				GENERATE_INFOPLIST_FILE = YES;
				INFOPLIST_FILE = "Caii-2023/Info.plist";
				INFOPLIST_KEY_CFBundleDisplayName = "CAII 2023";
				INFOPLIST_KEY_UIApplicationSupportsIndirectInputEvents = YES;
				INFOPLIST_KEY_UILaunchStoryboardName = LaunchScreen;
				INFOPLIST_KEY_UIMainStoryboardFile = Main;
				INFOPLIST_KEY_UISupportedInterfaceOrientations_iPad = "UIInterfaceOrientationPortrait UIInterfaceOrientationPortraitUpsideDown UIInterfaceOrientationLandscapeLeft UIInterfaceOrientationLandscapeRight";
				INFOPLIST_KEY_UISupportedInterfaceOrientations_iPhone = "UIInterfaceOrientationPortrait UIInterfaceOrientationLandscapeLeft UIInterfaceOrientationLandscapeRight";
				IPHONEOS_DEPLOYMENT_TARGET = 15.0;
				LD_RUNPATH_SEARCH_PATHS = (
					"$(inherited)",
					"@executable_path/Frameworks",
				);
				MARKETING_VERSION = 1.0;
				PRODUCT_BUNDLE_IDENTIFIER = "pe.gob.contraloria.Caii-2023";
				PRODUCT_NAME = "$(TARGET_NAME)";
				SWIFT_EMIT_LOC_STRINGS = YES;
				SWIFT_VERSION = 5.0;
				TARGETED_DEVICE_FAMILY = "1,2";
			};
			name = Release;
		};
		EDB8A3032AD21C89002A0980 /* Debug */ = {
			isa = XCBuildConfiguration;
			buildSettings = {
				ALWAYS_EMBED_SWIFT_STANDARD_LIBRARIES = YES;
				BUNDLE_LOADER = "$(TEST_HOST)";
				CODE_SIGN_STYLE = Automatic;
				CURRENT_PROJECT_VERSION = 1;
				DEVELOPMENT_TEAM = DCASC2V65A;
				GENERATE_INFOPLIST_FILE = YES;
				IPHONEOS_DEPLOYMENT_TARGET = 17.0;
				MARKETING_VERSION = 1.0;
				PRODUCT_BUNDLE_IDENTIFIER = "pe.gob.contraloria.Caii-2023Tests";
				PRODUCT_NAME = "$(TARGET_NAME)";
				SWIFT_EMIT_LOC_STRINGS = NO;
				SWIFT_VERSION = 5.0;
				TARGETED_DEVICE_FAMILY = "1,2";
				TEST_HOST = "$(BUILT_PRODUCTS_DIR)/Caii-2023.app/$(BUNDLE_EXECUTABLE_FOLDER_PATH)/Caii-2023";
			};
			name = Debug;
		};
		EDB8A3042AD21C89002A0980 /* Release */ = {
			isa = XCBuildConfiguration;
			buildSettings = {
				ALWAYS_EMBED_SWIFT_STANDARD_LIBRARIES = YES;
				BUNDLE_LOADER = "$(TEST_HOST)";
				CODE_SIGN_STYLE = Automatic;
				CURRENT_PROJECT_VERSION = 1;
				DEVELOPMENT_TEAM = DCASC2V65A;
				GENERATE_INFOPLIST_FILE = YES;
				IPHONEOS_DEPLOYMENT_TARGET = 17.0;
				MARKETING_VERSION = 1.0;
				PRODUCT_BUNDLE_IDENTIFIER = "pe.gob.contraloria.Caii-2023Tests";
				PRODUCT_NAME = "$(TARGET_NAME)";
				SWIFT_EMIT_LOC_STRINGS = NO;
				SWIFT_VERSION = 5.0;
				TARGETED_DEVICE_FAMILY = "1,2";
				TEST_HOST = "$(BUILT_PRODUCTS_DIR)/Caii-2023.app/$(BUNDLE_EXECUTABLE_FOLDER_PATH)/Caii-2023";
			};
			name = Release;
		};
		EDB8A3062AD21C89002A0980 /* Debug */ = {
			isa = XCBuildConfiguration;
			buildSettings = {
				ALWAYS_EMBED_SWIFT_STANDARD_LIBRARIES = YES;
				CODE_SIGN_STYLE = Automatic;
				CURRENT_PROJECT_VERSION = 1;
				DEVELOPMENT_TEAM = DCASC2V65A;
				GENERATE_INFOPLIST_FILE = YES;
				MARKETING_VERSION = 1.0;
				PRODUCT_BUNDLE_IDENTIFIER = "pe.gob.contraloria.Caii-2023UITests";
				PRODUCT_NAME = "$(TARGET_NAME)";
				SWIFT_EMIT_LOC_STRINGS = NO;
				SWIFT_VERSION = 5.0;
				TARGETED_DEVICE_FAMILY = "1,2";
				TEST_TARGET_NAME = "Caii-2023";
			};
			name = Debug;
		};
		EDB8A3072AD21C89002A0980 /* Release */ = {
			isa = XCBuildConfiguration;
			buildSettings = {
				ALWAYS_EMBED_SWIFT_STANDARD_LIBRARIES = YES;
				CODE_SIGN_STYLE = Automatic;
				CURRENT_PROJECT_VERSION = 1;
				DEVELOPMENT_TEAM = DCASC2V65A;
				GENERATE_INFOPLIST_FILE = YES;
				MARKETING_VERSION = 1.0;
				PRODUCT_BUNDLE_IDENTIFIER = "pe.gob.contraloria.Caii-2023UITests";
				PRODUCT_NAME = "$(TARGET_NAME)";
				SWIFT_EMIT_LOC_STRINGS = NO;
				SWIFT_VERSION = 5.0;
				TARGETED_DEVICE_FAMILY = "1,2";
				TEST_TARGET_NAME = "Caii-2023";
			};
			name = Release;
		};
/* End XCBuildConfiguration section */

/* Begin XCConfigurationList section */
		EDB8A2CD2AD21C88002A0980 /* Build configuration list for PBXProject "Caii-2023" */ = {
			isa = XCConfigurationList;
			buildConfigurations = (
				EDB8A2FD2AD21C89002A0980 /* Debug */,
				EDB8A2FE2AD21C89002A0980 /* Release */,
			);
			defaultConfigurationIsVisible = 0;
			defaultConfigurationName = Release;
		};
		EDB8A2FF2AD21C89002A0980 /* Build configuration list for PBXNativeTarget "Caii-2023" */ = {
			isa = XCConfigurationList;
			buildConfigurations = (
				EDB8A3002AD21C89002A0980 /* Debug */,
				EDB8A3012AD21C89002A0980 /* Release */,
			);
			defaultConfigurationIsVisible = 0;
			defaultConfigurationName = Release;
		};
		EDB8A3022AD21C89002A0980 /* Build configuration list for PBXNativeTarget "Caii-2023Tests" */ = {
			isa = XCConfigurationList;
			buildConfigurations = (
				EDB8A3032AD21C89002A0980 /* Debug */,
				EDB8A3042AD21C89002A0980 /* Release */,
			);
			defaultConfigurationIsVisible = 0;
			defaultConfigurationName = Release;
		};
		EDB8A3052AD21C89002A0980 /* Build configuration list for PBXNativeTarget "Caii-2023UITests" */ = {
			isa = XCConfigurationList;
			buildConfigurations = (
				EDB8A3062AD21C89002A0980 /* Debug */,
				EDB8A3072AD21C89002A0980 /* Release */,
			);
			defaultConfigurationIsVisible = 0;
			defaultConfigurationName = Release;
		};
/* End XCConfigurationList section */

/* Begin XCVersionGroup section */
		EDB8A2DE2AD21C88002A0980 /* Caii_2023.xcdatamodeld */ = {
			isa = XCVersionGroup;
			children = (
				EDB8A2DF2AD21C88002A0980 /* Caii_2023.xcdatamodel */,
			);
			currentVersion = EDB8A2DF2AD21C88002A0980 /* Caii_2023.xcdatamodel */;
			path = Caii_2023.xcdatamodeld;
			sourceTree = "<group>";
			versionGroupType = wrapper.xcdatamodel;
		};
/* End XCVersionGroup section */
	};
	rootObject = EDB8A2CA2AD21C88002A0980 /* Project object */;
}
